
Microsoft Visual Studio Solution File, Format Version 12.00
# Visual Studio 15
Project("{FAE04EC0-301F-11D3-BF4B-00C04F79EFBC}") = "ADtest", "Assembly-CSharp.csproj", "{B6E471EC-A59D-7376-D965-A7C6144632BB}"
EndProject
Global
	GlobalSection(SolutionConfigurationPlatforms) = preSolution
		Debug|Any CPU = Debug|Any CPU
		Release|Any CPU = Release|Any CPU
	EndGlobalSection
	GlobalSection(ProjectConfigurationPlatforms) = postSolution
		{B6E471EC-A59D-7376-D965-A7C6144632BB}.Debug|Any CPU.ActiveCfg = Debug|Any CPU
		{B6E471EC-A59D-7376-D965-A7C6144632BB}.Debug|Any CPU.Build.0 = Debug|Any CPU
		{B6E471EC-A59D-7376-D965-A7C6144632BB}.Release|Any CPU.ActiveCfg = Release|Any CPU
		{B6E471EC-A59D-7376-D965-A7C6144632BB}.Release|Any CPU.Build.0 = Release|Any CPU
	EndGlobalSection
	GlobalSection(SolutionProperties) = preSolution
		HideSolutionNode = FALSE
	EndGlobalSection
EndGlobal
